
Microsoft Visual Studio Solution File, Format Version 12.00
# Visual Studio Version 16
VisualStudioVersion = 16.0.30114.105
MinimumVisualStudioVersion = 10.0.40219.1
Project("{FAE04EC0-301F-11D3-BF4B-00C04F79EFBC}") = "GameTOP", "GameTOP\GameTOP.csproj", "{EE0A5DB1-E37E-40BB-8E96-6CE8D1C3AFE8}"
EndProject
Project("{FAE04EC0-301F-11D3-BF4B-00C04F79EFBC}") = "GameTOP.Lib", "GameTOP.Lib\GameTOP.Lib.csproj", "{96AE26DE-AEF1-4774-81E1-FD336D648514}"
EndProject
Global
	GlobalSection(SolutionConfigurationPlatforms) = preSolution
		Debug|Any CPU = Debug|Any CPU
		Debug|x64 = Debug|x64
		Debug|x86 = Debug|x86
		Release|Any CPU = Release|Any CPU
		Release|x64 = Release|x64
		Release|x86 = Release|x86
	EndGlobalSection
	GlobalSection(SolutionProperties) = preSolution
		HideSolutionNode = FALSE
	EndGlobalSection
	GlobalSection(ProjectConfigurationPlatforms) = postSolution
		{EE0A5DB1-E37E-40BB-8E96-6CE8D1C3AFE8}.Debug|Any CPU.ActiveCfg = Debug|Any CPU
		{EE0A5DB1-E37E-40BB-8E96-6CE8D1C3AFE8}.Debug|Any CPU.Build.0 = Debug|Any CPU
		{EE0A5DB1-E37E-40BB-8E96-6CE8D1C3AFE8}.Debug|x64.ActiveCfg = Debug|Any CPU
		{EE0A5DB1-E37E-40BB-8E96-6CE8D1C3AFE8}.Debug|x64.Build.0 = Debug|Any CPU
		{EE0A5DB1-E37E-40BB-8E96-6CE8D1C3AFE8}.Debug|x86.ActiveCfg = Debug|Any CPU
		{EE0A5DB1-E37E-40BB-8E96-6CE8D1C3AFE8}.Debug|x86.Build.0 = Debug|Any CPU
		{EE0A5DB1-E37E-40BB-8E96-6CE8D1C3AFE8}.Release|Any CPU.ActiveCfg = Release|Any CPU
		{EE0A5DB1-E37E-40BB-8E96-6CE8D1C3AFE8}.Release|Any CPU.Build.0 = Release|Any CPU
		{EE0A5DB1-E37E-40BB-8E96-6CE8D1C3AFE8}.Release|x64.ActiveCfg = Release|Any CPU
		{EE0A5DB1-E37E-40BB-8E96-6CE8D1C3AFE8}.Release|x64.Build.0 = Release|Any CPU
		{EE0A5DB1-E37E-40BB-8E96-6CE8D1C3AFE8}.Release|x86.ActiveCfg = Release|Any CPU
		{EE0A5DB1-E37E-40BB-8E96-6CE8D1C3AFE8}.Release|x86.Build.0 = Release|Any CPU
		{96AE26DE-AEF1-4774-81E1-FD336D648514}.Debug|Any CPU.ActiveCfg = Debug|Any CPU
		{96AE26DE-AEF1-4774-81E1-FD336D648514}.Debug|Any CPU.Build.0 = Debug|Any CPU
		{96AE26DE-AEF1-4774-81E1-FD336D648514}.Debug|x64.ActiveCfg = Debug|Any CPU
		{96AE26DE-AEF1-4774-81E1-FD336D648514}.Debug|x64.Build.0 = Debug|Any CPU
		{96AE26DE-AEF1-4774-81E1-FD336D648514}.Debug|x86.ActiveCfg = Debug|Any CPU
		{96AE26DE-AEF1-4774-81E1-FD336D648514}.Debug|x86.Build.0 = Debug|Any CPU
		{96AE26DE-AEF1-4774-81E1-FD336D648514}.Release|Any CPU.ActiveCfg = Release|Any CPU
		{96AE26DE-AEF1-4774-81E1-FD336D648514}.Release|Any CPU.Build.0 = Release|Any CPU
		{96AE26DE-AEF1-4774-81E1-FD336D648514}.Release|x64.ActiveCfg = Release|Any CPU
		{96AE26DE-AEF1-4774-81E1-FD336D648514}.Release|x64.Build.0 = Release|Any CPU
		{96AE26DE-AEF1-4774-81E1-FD336D648514}.Release|x86.ActiveCfg = Release|Any CPU
		{96AE26DE-AEF1-4774-81E1-FD336D648514}.Release|x86.Build.0 = Release|Any CPU
	EndGlobalSection
EndGlobal
